
Microsoft Visual Studio Solution File, Format Version 12.00
# Visual Studio 2015
Project("{FAE04EC0-301F-11D3-BF4B-00C04F79EFBC}") = "sanxiao.CSharp", "sanxiao.CSharp.csproj", "{0069C20E-3F85-E051-B133-060481CDBC73}"
EndProject
Global
	GlobalSection(SolutionConfigurationPlatforms) = preSolution
		Debug|Any CPU = Debug|Any CPU
		Release|Any CPU = Release|Any CPU
	EndGlobalSection
	GlobalSection(ProjectConfigurationPlatforms) = postSolution
		{0069C20E-3F85-E051-B133-060481CDBC73}.Debug|Any CPU.ActiveCfg = Debug|Any CPU
		{0069C20E-3F85-E051-B133-060481CDBC73}.Debug|Any CPU.Build.0 = Debug|Any CPU
		{0069C20E-3F85-E051-B133-060481CDBC73}.Release|Any CPU.ActiveCfg = Release|Any CPU
		{0069C20E-3F85-E051-B133-060481CDBC73}.Release|Any CPU.Build.0 = Release|Any CPU
	EndGlobalSection
	GlobalSection(SolutionProperties) = preSolution
		HideSolutionNode = FALSE
	EndGlobalSection
EndGlobal
